
Microsoft Visual Studio Solution File, Format Version 12.00
# Visual Studio 15
VisualStudioVersion = 15.0.26228.9
MinimumVisualStudioVersion = 10.0.40219.1
Project("{9A19103F-16F7-4668-BE54-9A1E7A4F7556}") = "ImageResizer", "src\ImageResizer.csproj", "{0ED0C6E4-EA04-48FC-9DD5-C20C9A5652CC}"
EndProject
Project("{FAE04EC0-301F-11D3-BF4B-00C04F79EFBC}") = "ImageResizer.Tests", "test\ImageResizer.Tests.csproj", "{DD3E0395-9021-466F-83D3-72019CA6423E}"
EndProject
Global
	GlobalSection(SolutionConfigurationPlatforms) = preSolution
		Debug|Any CPU = Debug|Any CPU
		Release|Any CPU = Release|Any CPU
	EndGlobalSection
	GlobalSection(ProjectConfigurationPlatforms) = postSolution
		{0ED0C6E4-EA04-48FC-9DD5-C20C9A5652CC}.Debug|Any CPU.ActiveCfg = Debug|Any CPU
		{0ED0C6E4-EA04-48FC-9DD5-C20C9A5652CC}.Debug|Any CPU.Build.0 = Debug|Any CPU
		{0ED0C6E4-EA04-48FC-9DD5-C20C9A5652CC}.Release|Any CPU.ActiveCfg = Release|Any CPU
		{0ED0C6E4-EA04-48FC-9DD5-C20C9A5652CC}.Release|Any CPU.Build.0 = Release|Any CPU
		{DD3E0395-9021-466F-83D3-72019CA6423E}.Debug|Any CPU.ActiveCfg = Debug|Any CPU
		{DD3E0395-9021-466F-83D3-72019CA6423E}.Debug|Any CPU.Build.0 = Debug|Any CPU
		{DD3E0395-9021-466F-83D3-72019CA6423E}.Release|Any CPU.ActiveCfg = Release|Any CPU
		{DD3E0395-9021-466F-83D3-72019CA6423E}.Release|Any CPU.Build.0 = Release|Any CPU
	EndGlobalSection
	GlobalSection(SolutionProperties) = preSolution
		HideSolutionNode = FALSE
	EndGlobalSection
EndGlobal
